
Microsoft Visual Studio Solution File, Format Version 12.00
# Visual Studio Version 16
VisualStudioVersion = 16.0.28922.388
MinimumVisualStudioVersion = 10.0.40219.1
Project("{FAE04EC0-301F-11D3-BF4B-00C04F79EFBC}") = "Finances.Mvc", "Finances.Mvc\Finances.Mvc.csproj", "{49C56192-008B-4AD3-A15B-166E2DAD92E9}"
EndProject
Project("{9A19103F-16F7-4668-BE54-9A1E7A4F7556}") = "libfintx", "libfintx\src\libfintx\libfintx.csproj", "{676A1B10-E4A0-4C4C-9C0F-726439C30E93}"
EndProject
Global
	GlobalSection(SolutionConfigurationPlatforms) = preSolution
		Debug|Any CPU = Debug|Any CPU
		Release|Any CPU = Release|Any CPU
	EndGlobalSection
	GlobalSection(ProjectConfigurationPlatforms) = postSolution
		{49C56192-008B-4AD3-A15B-166E2DAD92E9}.Debug|Any CPU.ActiveCfg = Debug|Any CPU
		{49C56192-008B-4AD3-A15B-166E2DAD92E9}.Debug|Any CPU.Build.0 = Debug|Any CPU
		{49C56192-008B-4AD3-A15B-166E2DAD92E9}.Release|Any CPU.ActiveCfg = Release|Any CPU
		{49C56192-008B-4AD3-A15B-166E2DAD92E9}.Release|Any CPU.Build.0 = Release|Any CPU
		{676A1B10-E4A0-4C4C-9C0F-726439C30E93}.Debug|Any CPU.ActiveCfg = Debug|Any CPU
		{676A1B10-E4A0-4C4C-9C0F-726439C30E93}.Debug|Any CPU.Build.0 = Debug|Any CPU
		{676A1B10-E4A0-4C4C-9C0F-726439C30E93}.Release|Any CPU.ActiveCfg = Release|Any CPU
		{676A1B10-E4A0-4C4C-9C0F-726439C30E93}.Release|Any CPU.Build.0 = Release|Any CPU
	EndGlobalSection
	GlobalSection(SolutionProperties) = preSolution
		HideSolutionNode = FALSE
	EndGlobalSection
	GlobalSection(ExtensibilityGlobals) = postSolution
		SolutionGuid = {F135D96E-3BCC-4394-BD50-7B9A832A0107}
	EndGlobalSection
EndGlobal
